
Microsoft Visual Studio Solution File, Format Version 12.00
# Visual Studio Version 17
VisualStudioVersion = 17.3.32901.215
MinimumVisualStudioVersion = 10.0.40219.1
Project("{F184B08F-C81C-45F6-A57F-5ABD9991F28F}") = "Midterm", "Midterm\Midterm.vbproj", "{CADE9DD0-6A89-4291-8C61-98B2B034FBF0}"
EndProject
Global
	GlobalSection(SolutionConfigurationPlatforms) = preSolution
		Debug|Any CPU = Debug|Any CPU
		Release|Any CPU = Release|Any CPU
	EndGlobalSection
	GlobalSection(ProjectConfigurationPlatforms) = postSolution
		{CADE9DD0-6A89-4291-8C61-98B2B034FBF0}.Debug|Any CPU.ActiveCfg = Debug|Any CPU
		{CADE9DD0-6A89-4291-8C61-98B2B034FBF0}.Debug|Any CPU.Build.0 = Debug|Any CPU
		{CADE9DD0-6A89-4291-8C61-98B2B034FBF0}.Release|Any CPU.ActiveCfg = Release|Any CPU
		{CADE9DD0-6A89-4291-8C61-98B2B034FBF0}.Release|Any CPU.Build.0 = Release|Any CPU
	EndGlobalSection
	GlobalSection(SolutionProperties) = preSolution
		HideSolutionNode = FALSE
	EndGlobalSection
	GlobalSection(ExtensibilityGlobals) = postSolution
		SolutionGuid = {908CB63C-B572-4CC2-ACD5-CCAD350F193E}
	EndGlobalSection
EndGlobal
